// !$*UTF8*$!
{
	archiveVersion = 1;
	classes = {
	};
	objectVersion = 50;
	objects = {

/* Begin PBXBuildFile section */
		02BB1F736FE35C9113C0B12B /* MessagesCollectionViewFlowLayout.swift in Sources */ = {isa = PBXBuildFile; fileRef = 551A0B2B3F596FDB5E6E967E /* MessagesCollectionViewFlowLayout.swift */; };
		0F8AF08547CA28C2863F77D7 /* LabelAlignment.swift in Sources */ = {isa = PBXBuildFile; fileRef = 561AB27C2542FB554724514A /* LabelAlignment.swift */; };
		16C16B94D35AE4957EBEE561 /* MessageInputBar.swift in Sources */ = {isa = PBXBuildFile; fileRef = 0C0AC4DB60B4D6F8583A3AAE /* MessageInputBar.swift */; };
		1A36E0BC1DC4FB02B70E4AEC /* MessagesDataSource.swift in Sources */ = {isa = PBXBuildFile; fileRef = 472D6DD5EC0FD2DEC685F723 /* MessagesDataSource.swift */; };
		20B905AE230EA61759E22394 /* MessagesCollectionView.swift in Sources */ = {isa = PBXBuildFile; fileRef = 15B7B694D0E709B30E9942DB /* MessagesCollectionView.swift */; };
		27434F17D76F4A539D728E71 /* PlayButtonView.swift in Sources */ = {isa = PBXBuildFile; fileRef = 5C1628895E49BD4096A58AA1 /* PlayButtonView.swift */; };
		2E46D2C93969FB02413A66EE /* MessageSizeCalculator.swift in Sources */ = {isa = PBXBuildFile; fileRef = 53425BC9D77C61E5509E604F /* MessageSizeCalculator.swift */; };
		2E908026C5E188C5D7BEBF20 /* MessageLabelDelegate.swift in Sources */ = {isa = PBXBuildFile; fileRef = AFDC3CA8DD9567F38596B002 /* MessageLabelDelegate.swift */; };
		2EE9873D619628BD47DFDF15 /* MessageKit+Availability.swift in Sources */ = {isa = PBXBuildFile; fileRef = F3999B782A5980AA491D170D /* MessageKit+Availability.swift */; };
		2EED3669CC9B515FA91185F5 /* MessageReusableView.swift in Sources */ = {isa = PBXBuildFile; fileRef = 74403689D24CEA8ADF720524 /* MessageReusableView.swift */; };
		2F615DB65F5F9C2A19E45404 /* TypingIndicator.swift in Sources */ = {isa = PBXBuildFile; fileRef = C67D6432D47A65C06D3A859B /* TypingIndicator.swift */; };
		38E1B0CD100670162A2EF8F3 /* LocationItem.swift in Sources */ = {isa = PBXBuildFile; fileRef = A6E97F5605CF61FE5B687F37 /* LocationItem.swift */; };
		39019098F5F803C4544382A1 /* BubbleCircle.swift in Sources */ = {isa = PBXBuildFile; fileRef = 07C4B6F52EA4CF62F7245475 /* BubbleCircle.swift */; };
		39B9AA2E860BFE3BAC73DD1F /* TextMessageCell.swift in Sources */ = {isa = PBXBuildFile; fileRef = C3275631798E515CF1640E72 /* TextMessageCell.swift */; };
		3A348D4F1D1B10D65F1D404A /* MessagesViewController+Menu.swift in Sources */ = {isa = PBXBuildFile; fileRef = 39B59950A7CE7A213912FF71 /* MessagesViewController+Menu.swift */; };
		3A8BACE0A189B134CA8F9D7E /* MessagesCollectionViewLayoutAttributes.swift in Sources */ = {isa = PBXBuildFile; fileRef = 137F08D6026687B19FA0AEEB /* MessagesCollectionViewLayoutAttributes.swift */; };
		3B6B1C7D05723068E17CC715 /* MessagesDisplayDelegate.swift in Sources */ = {isa = PBXBuildFile; fileRef = F5286C0D588B7DD8348011CB /* MessagesDisplayDelegate.swift */; };
		3D63C60055A7DE1F6072C92B /* TypingBubble.swift in Sources */ = {isa = PBXBuildFile; fileRef = 3AB1D44EEE4948EB5AA6CC53 /* TypingBubble.swift */; };
		3F62D764509CF57163C4DC6A /* InputBarAccessoryView.framework in Frameworks */ = {isa = PBXBuildFile; fileRef = DE9C68A001D351EA25BC3B8D /* InputBarAccessoryView.framework */; platformFilter = ios; };
		4376BF7861D5A2D5C03B6FFB /* ContactMessageCell.swift in Sources */ = {isa = PBXBuildFile; fileRef = 22CBB18E11D9DAAE7F4F3AF1 /* ContactMessageCell.swift */; };
		4A482F4575A19DAF00E9E12F /* MessagesViewController.swift in Sources */ = {isa = PBXBuildFile; fileRef = 8215DA7E695C677BB8B13522 /* MessagesViewController.swift */; };
		4BFEC1C478B3ED5B60519D05 /* DetectorType.swift in Sources */ = {isa = PBXBuildFile; fileRef = 4F1CC90518C8A11460A0EF5E /* DetectorType.swift */; };
		4C6222EDD28D89315EE9F738 /* AudioItem.swift in Sources */ = {isa = PBXBuildFile; fileRef = 00BA36FE6BB536F44AFAB48F /* AudioItem.swift */; };
		4DE4B0CCC622179F60C644D5 /* CGRect+Extensions.swift in Sources */ = {isa = PBXBuildFile; fileRef = 5521651536105C199B7DDF9C /* CGRect+Extensions.swift */; };
		56FB5817875CAD2CF7AF4643 /* TextMessageSizeCalculator.swift in Sources */ = {isa = PBXBuildFile; fileRef = 2F3638719F98CBC24832D67F /* TextMessageSizeCalculator.swift */; };
		5B2F17E3ADFABF6EF196554F /* MessageKind.swift in Sources */ = {isa = PBXBuildFile; fileRef = 61039426DCE11AB6EEC1ED2B /* MessageKind.swift */; };
		60D11872FBDC7E7E109EB9AB /* MessageCollectionViewCell.swift in Sources */ = {isa = PBXBuildFile; fileRef = BA3319F756973921F7B40D22 /* MessageCollectionViewCell.swift */; };
		7BAE406503E0774F502C5192 /* CellSizeCalculator.swift in Sources */ = {isa = PBXBuildFile; fileRef = 86247358FEF606839FA4744C /* CellSizeCalculator.swift */; };
		7DB7AAF93A8B0B87ADD302D2 /* TypingIndicatorCell.swift in Sources */ = {isa = PBXBuildFile; fileRef = 4DE0B32C9E3F2A9CBDFC0BBB /* TypingIndicatorCell.swift */; };
		809AA29B09DE66541B87F878 /* LinkPreviewMessageCell.swift in Sources */ = {isa = PBXBuildFile; fileRef = D0701E2A766DB687AD21AF20 /* LinkPreviewMessageCell.swift */; };
		82DAF51367999323394C7565 /* MessageContainerView.swift in Sources */ = {isa = PBXBuildFile; fileRef = 95A179082E0DAB7A1F977F78 /* MessageContainerView.swift */; };
		8630903140E081D35C1F849A /* MessageCellDelegate.swift in Sources */ = {isa = PBXBuildFile; fileRef = 3476F0C382FBC08C560C4627 /* MessageCellDelegate.swift */; };
		8BAD5D859B22B93E87DAE78F /* LinkPreviewView.swift in Sources */ = {isa = PBXBuildFile; fileRef = 90AF5A441E0B17BE4F62B6A9 /* LinkPreviewView.swift */; };
		8DA35D7752989DE1CEF36288 /* NSAttributedString+Extensions.swift in Sources */ = {isa = PBXBuildFile; fileRef = A897EEAC22F46B86DCD06F80 /* NSAttributedString+Extensions.swift */; };
		90110ECCF2AEF2647E6C102C /* MessageKitError.swift in Sources */ = {isa = PBXBuildFile; fileRef = E64AEB2953348AF8826E154A /* MessageKitError.swift */; };
		90B1DA38EAE5FBCA242481E4 /* LocationMessageSnapshotOptions.swift in Sources */ = {isa = PBXBuildFile; fileRef = 2640A22F712ECA67F8236867 /* LocationMessageSnapshotOptions.swift */; };
		994D9D26F64CD1CC6079374D /* LinkItem.swift in Sources */ = {isa = PBXBuildFile; fileRef = 9BF198414D542E4F459E1A5E /* LinkItem.swift */; };
		99A7F6FCD82E0E5BE8805C08 /* UIView+Extensions.swift in Sources */ = {isa = PBXBuildFile; fileRef = 752C5A7BE7494D2AAF751C74 /* UIView+Extensions.swift */; };
		A07A7D68AAB39B79A4D5E047 /* ContactItem.swift in Sources */ = {isa = PBXBuildFile; fileRef = 6F054C6AAB5EA1A82935F975 /* ContactItem.swift */; };
		A0F038BF1F80DC3151BABB33 /* Bundle+Extensions.swift in Sources */ = {isa = PBXBuildFile; fileRef = A6FD7F8B9C12369DE4FF59D7 /* Bundle+Extensions.swift */; };
		A614C98A855048C819CCF0C0 /* SenderType.swift in Sources */ = {isa = PBXBuildFile; fileRef = 117FD3AB515D8C21CD7DBC8C /* SenderType.swift */; };
		A70C67535DAF07D65AA72131 /* HorizontalEdgeInsets.swift in Sources */ = {isa = PBXBuildFile; fileRef = 1FDABD6C89FC97B1BB5EB724 /* HorizontalEdgeInsets.swift */; };
		A72D635855EF04439CF3D616 /* UIImage+Extensions.swift in Sources */ = {isa = PBXBuildFile; fileRef = 1191D882027CFB2E99E97859 /* UIImage+Extensions.swift */; };
		A8E1189E5B945EF18526613D /* MediaItem.swift in Sources */ = {isa = PBXBuildFile; fileRef = C6DD4AAA3A865662A3F715FC /* MediaItem.swift */; };
		AC2238623E423D59D4BFADB7 /* MessagesViewController+Keyboard.swift in Sources */ = {isa = PBXBuildFile; fileRef = 3CF6B2E280641613A7E9F508 /* MessagesViewController+Keyboard.swift */; };
		ACF84C4290FABF24FD5A1701 /* AccessoryPosition.swift in Sources */ = {isa = PBXBuildFile; fileRef = 9CBA493767768A492BE783DE /* AccessoryPosition.swift */; };
		AEC49649CF153D45C59EAC1D /* AudioMessageCell.swift in Sources */ = {isa = PBXBuildFile; fileRef = D421C2B7A11F8F7656CA2A6C /* AudioMessageCell.swift */; };
		B1701DFE10DA7D44F336CF54 /* MessageKitDateFormatter.swift in Sources */ = {isa = PBXBuildFile; fileRef = 7147E5813750DC7D3CF1597C /* MessageKitDateFormatter.swift */; };
		B3AE641F8BFF83D3104B019B /* NSConstraintLayoutSet.swift in Sources */ = {isa = PBXBuildFile; fileRef = F8D49CB55B175DB9D9111346 /* NSConstraintLayoutSet.swift */; };
		BA2A3A4851B403FE473C8C4C /* LinkPreviewFonts.swift in Sources */ = {isa = PBXBuildFile; fileRef = 2EB642D8F0870BF5C394F248 /* LinkPreviewFonts.swift */; };
		BB5FD5E5200685067CB5ABA6 /* MessageKind+textMessageKind.swift in Sources */ = {isa = PBXBuildFile; fileRef = 8278499261B7796D728AF554 /* MessageKind+textMessageKind.swift */; };
		BF81CA55B8D0CFCEEBAD0752 /* MessageLabel.swift in Sources */ = {isa = PBXBuildFile; fileRef = 531A5796726C7BA080D91DA4 /* MessageLabel.swift */; };
		C34DEA1A164B9FCB1F5A3E2F /* MessageType.swift in Sources */ = {isa = PBXBuildFile; fileRef = 2A6CAF3DEE3051511EF767BC /* MessageType.swift */; };
		C3BC831F852E95A29646C534 /* Avatar.swift in Sources */ = {isa = PBXBuildFile; fileRef = E39E8D2E6B598BC044E0BB33 /* Avatar.swift */; };
		C98F2D65F1C888B01C5C99A3 /* UIColor+Extensions.swift in Sources */ = {isa = PBXBuildFile; fileRef = 3D3E8BCA64312BF998C89B56 /* UIColor+Extensions.swift */; };
		CA133C2A70EE5EC8D3AD8C47 /* AvatarView.swift in Sources */ = {isa = PBXBuildFile; fileRef = 8EB771DCEDFC1457CE9A7777 /* AvatarView.swift */; };
		CCF7076D2FC9E4C7E762606F /* AudioMessageSizeCalculator.swift in Sources */ = {isa = PBXBuildFile; fileRef = 15A9623BE23E2E966CB61C8A /* AudioMessageSizeCalculator.swift */; };
		D1BF3C6410C6937A66B71B27 /* InsetLabel.swift in Sources */ = {isa = PBXBuildFile; fileRef = B0748F967533A40F8DA10D7C /* InsetLabel.swift */; };
		D1E435289004922D97B242B1 /* MessageStyle.swift in Sources */ = {isa = PBXBuildFile; fileRef = D9EBCA92C3706C3137A8D5DB /* MessageStyle.swift */; };
		D2CC1FCC7F66C3C8C6F468BD /* Sender.swift in Sources */ = {isa = PBXBuildFile; fileRef = 3F86403BA9242A1A75249107 /* Sender.swift */; };
		DDBCFF3915FB3224E1D3896E /* LinkPreviewMessageSizeCalculator.swift in Sources */ = {isa = PBXBuildFile; fileRef = 31232A15A665AD024BC1337A /* LinkPreviewMessageSizeCalculator.swift */; };
		E97767E6CEAAEFAFC1F27C2B /* MediaMessageSizeCalculator.swift in Sources */ = {isa = PBXBuildFile; fileRef = BA18B8D3F48D56E040BE05D8 /* MediaMessageSizeCalculator.swift */; };
		EC41EBD927EFAB6B0B884241 /* MessagesLayoutDelegate.swift in Sources */ = {isa = PBXBuildFile; fileRef = 8659E2D1A6D2FC954553570B /* MessagesLayoutDelegate.swift */; };
		ED2479AE279AE2CE37D1DAD3 /* UIEdgeInsets+Extensions.swift in Sources */ = {isa = PBXBuildFile; fileRef = AD9530F96EDA354FB3D26CF4 /* UIEdgeInsets+Extensions.swift */; };
		F074BFE4C0D47AAF85529B3F /* LocationMessageCell.swift in Sources */ = {isa = PBXBuildFile; fileRef = 28A9A39C4808799C5936378A /* LocationMessageCell.swift */; };
		F0C00930794A21F27A370AB3 /* TypingIndicatorCellSizeCalculator.swift in Sources */ = {isa = PBXBuildFile; fileRef = B27179472687CE6546FD9AFC /* TypingIndicatorCellSizeCalculator.swift */; };
		F2615B17A8602E61A55AA36B /* LocationMessageSizeCalculator.swift in Sources */ = {isa = PBXBuildFile; fileRef = 385B304C0E2E71F74E72181A /* LocationMessageSizeCalculator.swift */; };
		F5EC648277CCE348F61E1B3D /* MessageContentCell.swift in Sources */ = {isa = PBXBuildFile; fileRef = 41BA28A0E9820B414C04A5AD /* MessageContentCell.swift */; };
		F763D094400BF8FFF73223A7 /* MediaMessageCell.swift in Sources */ = {isa = PBXBuildFile; fileRef = FD25E0099D18726795EE8189 /* MediaMessageCell.swift */; };
		F824A92F51480C9AD10D3ED4 /* ContactMessageSizeCalculator.swift in Sources */ = {isa = PBXBuildFile; fileRef = D64213E24D26F1DBEA1F3CAB /* ContactMessageSizeCalculator.swift */; };
		FD3843571FA13C872708EAA6 /* AvatarPosition.swift in Sources */ = {isa = PBXBuildFile; fileRef = 52969D2F40989A0987727DA6 /* AvatarPosition.swift */; };
/* End PBXBuildFile section */

/* Begin PBXCopyFilesBuildPhase section */
		D9835285D4826C303D1B9FAB /* Embed Frameworks */ = {
			isa = PBXCopyFilesBuildPhase;
			buildActionMask = 2147483647;
			dstPath = "";
			dstSubfolderSpec = 10;
			files = (
			);
			name = "Embed Frameworks";
			runOnlyForDeploymentPostprocessing = 0;
		};
/* End PBXCopyFilesBuildPhase section */

/* Begin PBXFileReference section */
		00BA36FE6BB536F44AFAB48F /* AudioItem.swift */ = {isa = PBXFileReference; lastKnownFileType = sourcecode.swift; path = AudioItem.swift; sourceTree = "<group>"; };
		07C4B6F52EA4CF62F7245475 /* BubbleCircle.swift */ = {isa = PBXFileReference; lastKnownFileType = sourcecode.swift; path = BubbleCircle.swift; sourceTree = "<group>"; };
		0A1C7733A93AE4ED81AE2CBA /* MessageKit.framework */ = {isa = PBXFileReference; explicitFileType = wrapper.framework; includeInIndex = 0; path = MessageKit.framework; sourceTree = BUILT_PRODUCTS_DIR; };
		0C0AC4DB60B4D6F8583A3AAE /* MessageInputBar.swift */ = {isa = PBXFileReference; lastKnownFileType = sourcecode.swift; path = MessageInputBar.swift; sourceTree = "<group>"; };
		117FD3AB515D8C21CD7DBC8C /* SenderType.swift */ = {isa = PBXFileReference; lastKnownFileType = sourcecode.swift; path = SenderType.swift; sourceTree = "<group>"; };
		1191D882027CFB2E99E97859 /* UIImage+Extensions.swift */ = {isa = PBXFileReference; lastKnownFileType = sourcecode.swift; path = "UIImage+Extensions.swift"; sourceTree = "<group>"; };
		137F08D6026687B19FA0AEEB /* MessagesCollectionViewLayoutAttributes.swift */ = {isa = PBXFileReference; lastKnownFileType = sourcecode.swift; path = MessagesCollectionViewLayoutAttributes.swift; sourceTree = "<group>"; };
		15A9623BE23E2E966CB61C8A /* AudioMessageSizeCalculator.swift */ = {isa = PBXFileReference; lastKnownFileType = sourcecode.swift; path = AudioMessageSizeCalculator.swift; sourceTree = "<group>"; };
		15B7B694D0E709B30E9942DB /* MessagesCollectionView.swift */ = {isa = PBXFileReference; lastKnownFileType = sourcecode.swift; path = MessagesCollectionView.swift; sourceTree = "<group>"; };
		1FDABD6C89FC97B1BB5EB724 /* HorizontalEdgeInsets.swift */ = {isa = PBXFileReference; lastKnownFileType = sourcecode.swift; path = HorizontalEdgeInsets.swift; sourceTree = "<group>"; };
		22CBB18E11D9DAAE7F4F3AF1 /* ContactMessageCell.swift */ = {isa = PBXFileReference; lastKnownFileType = sourcecode.swift; path = ContactMessageCell.swift; sourceTree = "<group>"; };
		2640A22F712ECA67F8236867 /* LocationMessageSnapshotOptions.swift */ = {isa = PBXFileReference; lastKnownFileType = sourcecode.swift; path = LocationMessageSnapshotOptions.swift; sourceTree = "<group>"; };
		28A9A39C4808799C5936378A /* LocationMessageCell.swift */ = {isa = PBXFileReference; lastKnownFileType = sourcecode.swift; path = LocationMessageCell.swift; sourceTree = "<group>"; };
		2A6CAF3DEE3051511EF767BC /* MessageType.swift */ = {isa = PBXFileReference; lastKnownFileType = sourcecode.swift; path = MessageType.swift; sourceTree = "<group>"; };
		2EB642D8F0870BF5C394F248 /* LinkPreviewFonts.swift */ = {isa = PBXFileReference; lastKnownFileType = sourcecode.swift; path = LinkPreviewFonts.swift; sourceTree = "<group>"; };
		2F3638719F98CBC24832D67F /* TextMessageSizeCalculator.swift */ = {isa = PBXFileReference; lastKnownFileType = sourcecode.swift; path = TextMessageSizeCalculator.swift; sourceTree = "<group>"; };
		31232A15A665AD024BC1337A /* LinkPreviewMessageSizeCalculator.swift */ = {isa = PBXFileReference; lastKnownFileType = sourcecode.swift; path = LinkPreviewMessageSizeCalculator.swift; sourceTree = "<group>"; };
		3476F0C382FBC08C560C4627 /* MessageCellDelegate.swift */ = {isa = PBXFileReference; lastKnownFileType = sourcecode.swift; path = MessageCellDelegate.swift; sourceTree = "<group>"; };
		385B304C0E2E71F74E72181A /* LocationMessageSizeCalculator.swift */ = {isa = PBXFileReference; lastKnownFileType = sourcecode.swift; path = LocationMessageSizeCalculator.swift; sourceTree = "<group>"; };
		39B59950A7CE7A213912FF71 /* MessagesViewController+Menu.swift */ = {isa = PBXFileReference; lastKnownFileType = sourcecode.swift; path = "MessagesViewController+Menu.swift"; sourceTree = "<group>"; };
		3AB1D44EEE4948EB5AA6CC53 /* TypingBubble.swift */ = {isa = PBXFileReference; lastKnownFileType = sourcecode.swift; path = TypingBubble.swift; sourceTree = "<group>"; };
		3CF6B2E280641613A7E9F508 /* MessagesViewController+Keyboard.swift */ = {isa = PBXFileReference; lastKnownFileType = sourcecode.swift; path = "MessagesViewController+Keyboard.swift"; sourceTree = "<group>"; };
		3D3E8BCA64312BF998C89B56 /* UIColor+Extensions.swift */ = {isa = PBXFileReference; lastKnownFileType = sourcecode.swift; path = "UIColor+Extensions.swift"; sourceTree = "<group>"; };
		3F86403BA9242A1A75249107 /* Sender.swift */ = {isa = PBXFileReference; lastKnownFileType = sourcecode.swift; path = Sender.swift; sourceTree = "<group>"; };
		41BA28A0E9820B414C04A5AD /* MessageContentCell.swift */ = {isa = PBXFileReference; lastKnownFileType = sourcecode.swift; path = MessageContentCell.swift; sourceTree = "<group>"; };
		472D6DD5EC0FD2DEC685F723 /* MessagesDataSource.swift */ = {isa = PBXFileReference; lastKnownFileType = sourcecode.swift; path = MessagesDataSource.swift; sourceTree = "<group>"; };
		4DE0B32C9E3F2A9CBDFC0BBB /* TypingIndicatorCell.swift */ = {isa = PBXFileReference; lastKnownFileType = sourcecode.swift; path = TypingIndicatorCell.swift; sourceTree = "<group>"; };
		4F1CC90518C8A11460A0EF5E /* DetectorType.swift */ = {isa = PBXFileReference; lastKnownFileType = sourcecode.swift; path = DetectorType.swift; sourceTree = "<group>"; };
		4F7EF79CC20DD1EC291C40A3 /* MessageKit.plist */ = {isa = PBXFileReference; lastKnownFileType = text.plist; path = MessageKit.plist; sourceTree = "<group>"; };
		52969D2F40989A0987727DA6 /* AvatarPosition.swift */ = {isa = PBXFileReference; lastKnownFileType = sourcecode.swift; path = AvatarPosition.swift; sourceTree = "<group>"; };
		531A5796726C7BA080D91DA4 /* MessageLabel.swift */ = {isa = PBXFileReference; lastKnownFileType = sourcecode.swift; path = MessageLabel.swift; sourceTree = "<group>"; };
		53425BC9D77C61E5509E604F /* MessageSizeCalculator.swift */ = {isa = PBXFileReference; lastKnownFileType = sourcecode.swift; path = MessageSizeCalculator.swift; sourceTree = "<group>"; };
		551A0B2B3F596FDB5E6E967E /* MessagesCollectionViewFlowLayout.swift */ = {isa = PBXFileReference; lastKnownFileType = sourcecode.swift; path = MessagesCollectionViewFlowLayout.swift; sourceTree = "<group>"; };
		5521651536105C199B7DDF9C /* CGRect+Extensions.swift */ = {isa = PBXFileReference; lastKnownFileType = sourcecode.swift; path = "CGRect+Extensions.swift"; sourceTree = "<group>"; };
		561AB27C2542FB554724514A /* LabelAlignment.swift */ = {isa = PBXFileReference; lastKnownFileType = sourcecode.swift; path = LabelAlignment.swift; sourceTree = "<group>"; };
		5C1628895E49BD4096A58AA1 /* PlayButtonView.swift */ = {isa = PBXFileReference; lastKnownFileType = sourcecode.swift; path = PlayButtonView.swift; sourceTree = "<group>"; };
		61039426DCE11AB6EEC1ED2B /* MessageKind.swift */ = {isa = PBXFileReference; lastKnownFileType = sourcecode.swift; path = MessageKind.swift; sourceTree = "<group>"; };
		6F054C6AAB5EA1A82935F975 /* ContactItem.swift */ = {isa = PBXFileReference; lastKnownFileType = sourcecode.swift; path = ContactItem.swift; sourceTree = "<group>"; };
		7147E5813750DC7D3CF1597C /* MessageKitDateFormatter.swift */ = {isa = PBXFileReference; lastKnownFileType = sourcecode.swift; path = MessageKitDateFormatter.swift; sourceTree = "<group>"; };
		74403689D24CEA8ADF720524 /* MessageReusableView.swift */ = {isa = PBXFileReference; lastKnownFileType = sourcecode.swift; path = MessageReusableView.swift; sourceTree = "<group>"; };
		752C5A7BE7494D2AAF751C74 /* UIView+Extensions.swift */ = {isa = PBXFileReference; lastKnownFileType = sourcecode.swift; path = "UIView+Extensions.swift"; sourceTree = "<group>"; };
		8215DA7E695C677BB8B13522 /* MessagesViewController.swift */ = {isa = PBXFileReference; lastKnownFileType = sourcecode.swift; path = MessagesViewController.swift; sourceTree = "<group>"; };
		8278499261B7796D728AF554 /* MessageKind+textMessageKind.swift */ = {isa = PBXFileReference; lastKnownFileType = sourcecode.swift; path = "MessageKind+textMessageKind.swift"; sourceTree = "<group>"; };
		86247358FEF606839FA4744C /* CellSizeCalculator.swift */ = {isa = PBXFileReference; lastKnownFileType = sourcecode.swift; path = CellSizeCalculator.swift; sourceTree = "<group>"; };
		8659E2D1A6D2FC954553570B /* MessagesLayoutDelegate.swift */ = {isa = PBXFileReference; lastKnownFileType = sourcecode.swift; path = MessagesLayoutDelegate.swift; sourceTree = "<group>"; };
		8EB771DCEDFC1457CE9A7777 /* AvatarView.swift */ = {isa = PBXFileReference; lastKnownFileType = sourcecode.swift; path = AvatarView.swift; sourceTree = "<group>"; };
		90AF5A441E0B17BE4F62B6A9 /* LinkPreviewView.swift */ = {isa = PBXFileReference; lastKnownFileType = sourcecode.swift; path = LinkPreviewView.swift; sourceTree = "<group>"; };
		95A179082E0DAB7A1F977F78 /* MessageContainerView.swift */ = {isa = PBXFileReference; lastKnownFileType = sourcecode.swift; path = MessageContainerView.swift; sourceTree = "<group>"; };
		9BF198414D542E4F459E1A5E /* LinkItem.swift */ = {isa = PBXFileReference; lastKnownFileType = sourcecode.swift; path = LinkItem.swift; sourceTree = "<group>"; };
		9CBA493767768A492BE783DE /* AccessoryPosition.swift */ = {isa = PBXFileReference; lastKnownFileType = sourcecode.swift; path = AccessoryPosition.swift; sourceTree = "<group>"; };
		A6E97F5605CF61FE5B687F37 /* LocationItem.swift */ = {isa = PBXFileReference; lastKnownFileType = sourcecode.swift; path = LocationItem.swift; sourceTree = "<group>"; };
		A6FD7F8B9C12369DE4FF59D7 /* Bundle+Extensions.swift */ = {isa = PBXFileReference; lastKnownFileType = sourcecode.swift; path = "Bundle+Extensions.swift"; sourceTree = "<group>"; };
		A897EEAC22F46B86DCD06F80 /* NSAttributedString+Extensions.swift */ = {isa = PBXFileReference; lastKnownFileType = sourcecode.swift; path = "NSAttributedString+Extensions.swift"; sourceTree = "<group>"; };
		AD9530F96EDA354FB3D26CF4 /* UIEdgeInsets+Extensions.swift */ = {isa = PBXFileReference; lastKnownFileType = sourcecode.swift; path = "UIEdgeInsets+Extensions.swift"; sourceTree = "<group>"; };
		AFDC3CA8DD9567F38596B002 /* MessageLabelDelegate.swift */ = {isa = PBXFileReference; lastKnownFileType = sourcecode.swift; path = MessageLabelDelegate.swift; sourceTree = "<group>"; };
		B0748F967533A40F8DA10D7C /* InsetLabel.swift */ = {isa = PBXFileReference; lastKnownFileType = sourcecode.swift; path = InsetLabel.swift; sourceTree = "<group>"; };
		B27179472687CE6546FD9AFC /* TypingIndicatorCellSizeCalculator.swift */ = {isa = PBXFileReference; lastKnownFileType = sourcecode.swift; path = TypingIndicatorCellSizeCalculator.swift; sourceTree = "<group>"; };
		BA18B8D3F48D56E040BE05D8 /* MediaMessageSizeCalculator.swift */ = {isa = PBXFileReference; lastKnownFileType = sourcecode.swift; path = MediaMessageSizeCalculator.swift; sourceTree = "<group>"; };
		BA3319F756973921F7B40D22 /* MessageCollectionViewCell.swift */ = {isa = PBXFileReference; lastKnownFileType = sourcecode.swift; path = MessageCollectionViewCell.swift; sourceTree = "<group>"; };
		C3275631798E515CF1640E72 /* TextMessageCell.swift */ = {isa = PBXFileReference; lastKnownFileType = sourcecode.swift; path = TextMessageCell.swift; sourceTree = "<group>"; };
		C67D6432D47A65C06D3A859B /* TypingIndicator.swift */ = {isa = PBXFileReference; lastKnownFileType = sourcecode.swift; path = TypingIndicator.swift; sourceTree = "<group>"; };
		C6DD4AAA3A865662A3F715FC /* MediaItem.swift */ = {isa = PBXFileReference; lastKnownFileType = sourcecode.swift; path = MediaItem.swift; sourceTree = "<group>"; };
		D0701E2A766DB687AD21AF20 /* LinkPreviewMessageCell.swift */ = {isa = PBXFileReference; lastKnownFileType = sourcecode.swift; path = LinkPreviewMessageCell.swift; sourceTree = "<group>"; };
		D421C2B7A11F8F7656CA2A6C /* AudioMessageCell.swift */ = {isa = PBXFileReference; lastKnownFileType = sourcecode.swift; path = AudioMessageCell.swift; sourceTree = "<group>"; };
		D64213E24D26F1DBEA1F3CAB /* ContactMessageSizeCalculator.swift */ = {isa = PBXFileReference; lastKnownFileType = sourcecode.swift; path = ContactMessageSizeCalculator.swift; sourceTree = "<group>"; };
		D9EBCA92C3706C3137A8D5DB /* MessageStyle.swift */ = {isa = PBXFileReference; lastKnownFileType = sourcecode.swift; path = MessageStyle.swift; sourceTree = "<group>"; };
		DE9C68A001D351EA25BC3B8D /* InputBarAccessoryView.framework */ = {isa = PBXFileReference; explicitFileType = wrapper.framework; includeInIndex = 0; path = InputBarAccessoryView.framework; sourceTree = BUILT_PRODUCTS_DIR; };
		E39E8D2E6B598BC044E0BB33 /* Avatar.swift */ = {isa = PBXFileReference; lastKnownFileType = sourcecode.swift; path = Avatar.swift; sourceTree = "<group>"; };
		E64AEB2953348AF8826E154A /* MessageKitError.swift */ = {isa = PBXFileReference; lastKnownFileType = sourcecode.swift; path = MessageKitError.swift; sourceTree = "<group>"; };
		F3999B782A5980AA491D170D /* MessageKit+Availability.swift */ = {isa = PBXFileReference; lastKnownFileType = sourcecode.swift; path = "MessageKit+Availability.swift"; sourceTree = "<group>"; };
		F5286C0D588B7DD8348011CB /* MessagesDisplayDelegate.swift */ = {isa = PBXFileReference; lastKnownFileType = sourcecode.swift; path = MessagesDisplayDelegate.swift; sourceTree = "<group>"; };
		F8D49CB55B175DB9D9111346 /* NSConstraintLayoutSet.swift */ = {isa = PBXFileReference; lastKnownFileType = sourcecode.swift; path = NSConstraintLayoutSet.swift; sourceTree = "<group>"; };
		FD25E0099D18726795EE8189 /* MediaMessageCell.swift */ = {isa = PBXFileReference; lastKnownFileType = sourcecode.swift; path = MediaMessageCell.swift; sourceTree = "<group>"; };
/* End PBXFileReference section */

/* Begin PBXFrameworksBuildPhase section */
		DFCCCD1EF30EB3A5D115ED82 /* Frameworks */ = {
			isa = PBXFrameworksBuildPhase;
			buildActionMask = 2147483647;
			files = (
				3F62D764509CF57163C4DC6A /* InputBarAccessoryView.framework in Frameworks */,
			);
			runOnlyForDeploymentPostprocessing = 0;
		};
/* End PBXFrameworksBuildPhase section */

/* Begin PBXGroup section */
		01A10D43DFFB66077F31E7A6 /* Views */ = {
			isa = PBXGroup;
			children = (
				5AC84C4E2CEEA0A9D184463C /* Cells */,
				2E8C2AB42B003AE80304E833 /* HeadersFooters */,
				8EB771DCEDFC1457CE9A7777 /* AvatarView.swift */,
				07C4B6F52EA4CF62F7245475 /* BubbleCircle.swift */,
				B0748F967533A40F8DA10D7C /* InsetLabel.swift */,
				90AF5A441E0B17BE4F62B6A9 /* LinkPreviewView.swift */,
				95A179082E0DAB7A1F977F78 /* MessageContainerView.swift */,
				531A5796726C7BA080D91DA4 /* MessageLabel.swift */,
				15B7B694D0E709B30E9942DB /* MessagesCollectionView.swift */,
				5C1628895E49BD4096A58AA1 /* PlayButtonView.swift */,
				3AB1D44EEE4948EB5AA6CC53 /* TypingBubble.swift */,
				C67D6432D47A65C06D3A859B /* TypingIndicator.swift */,
			);
			path = Views;
			sourceTree = "<group>";
		};
		09C430B74BFA2957F614AFBF /* Protocols */ = {
			isa = PBXGroup;
			children = (
				00BA36FE6BB536F44AFAB48F /* AudioItem.swift */,
				6F054C6AAB5EA1A82935F975 /* ContactItem.swift */,
				9BF198414D542E4F459E1A5E /* LinkItem.swift */,
				A6E97F5605CF61FE5B687F37 /* LocationItem.swift */,
				C6DD4AAA3A865662A3F715FC /* MediaItem.swift */,
				3476F0C382FBC08C560C4627 /* MessageCellDelegate.swift */,
				AFDC3CA8DD9567F38596B002 /* MessageLabelDelegate.swift */,
				472D6DD5EC0FD2DEC685F723 /* MessagesDataSource.swift */,
				F5286C0D588B7DD8348011CB /* MessagesDisplayDelegate.swift */,
				8659E2D1A6D2FC954553570B /* MessagesLayoutDelegate.swift */,
				2A6CAF3DEE3051511EF767BC /* MessageType.swift */,
				117FD3AB515D8C21CD7DBC8C /* SenderType.swift */,
			);
			path = Protocols;
			sourceTree = "<group>";
		};
		1394D612A2053194DF4D8E30 /* Project */ = {
			isa = PBXGroup;
			children = (
				2C0644601F293FB7D80DBE94 /* Derived */,
				BC1BC5EE3D5BAFC0DC4F6DF9 /* Sources */,
			);
			name = Project;
			sourceTree = "<group>";
		};
		287B1132EC57735AAE980C67 /* Extensions */ = {
			isa = PBXGroup;
			children = (
				A6FD7F8B9C12369DE4FF59D7 /* Bundle+Extensions.swift */,
				5521651536105C199B7DDF9C /* CGRect+Extensions.swift */,
				8278499261B7796D728AF554 /* MessageKind+textMessageKind.swift */,
				A897EEAC22F46B86DCD06F80 /* NSAttributedString+Extensions.swift */,
				3D3E8BCA64312BF998C89B56 /* UIColor+Extensions.swift */,
				AD9530F96EDA354FB3D26CF4 /* UIEdgeInsets+Extensions.swift */,
				1191D882027CFB2E99E97859 /* UIImage+Extensions.swift */,
				752C5A7BE7494D2AAF751C74 /* UIView+Extensions.swift */,
			);
			path = Extensions;
			sourceTree = "<group>";
		};
		2C0644601F293FB7D80DBE94 /* Derived */ = {
			isa = PBXGroup;
			children = (
				EA8DF01A9EB299912797E871 /* InfoPlists */,
			);
			path = Derived;
			sourceTree = "<group>";
		};
		2E8C2AB42B003AE80304E833 /* HeadersFooters */ = {
			isa = PBXGroup;
			children = (
				74403689D24CEA8ADF720524 /* MessageReusableView.swift */,
			);
			path = HeadersFooters;
			sourceTree = "<group>";
		};
		41F690CE1164451B75646DCC /* Controllers */ = {
			isa = PBXGroup;
			children = (
				8215DA7E695C677BB8B13522 /* MessagesViewController.swift */,
				3CF6B2E280641613A7E9F508 /* MessagesViewController+Keyboard.swift */,
				39B59950A7CE7A213912FF71 /* MessagesViewController+Menu.swift */,
			);
			path = Controllers;
			sourceTree = "<group>";
		};
		4ABF206D244A70FE6FB41F41 /* Layout */ = {
			isa = PBXGroup;
			children = (
				15A9623BE23E2E966CB61C8A /* AudioMessageSizeCalculator.swift */,
				86247358FEF606839FA4744C /* CellSizeCalculator.swift */,
				D64213E24D26F1DBEA1F3CAB /* ContactMessageSizeCalculator.swift */,
				31232A15A665AD024BC1337A /* LinkPreviewMessageSizeCalculator.swift */,
				385B304C0E2E71F74E72181A /* LocationMessageSizeCalculator.swift */,
				BA18B8D3F48D56E040BE05D8 /* MediaMessageSizeCalculator.swift */,
				551A0B2B3F596FDB5E6E967E /* MessagesCollectionViewFlowLayout.swift */,
				137F08D6026687B19FA0AEEB /* MessagesCollectionViewLayoutAttributes.swift */,
				53425BC9D77C61E5509E604F /* MessageSizeCalculator.swift */,
				2F3638719F98CBC24832D67F /* TextMessageSizeCalculator.swift */,
				B27179472687CE6546FD9AFC /* TypingIndicatorCellSizeCalculator.swift */,
			);
			path = Layout;
			sourceTree = "<group>";
		};
		5AC84C4E2CEEA0A9D184463C /* Cells */ = {
			isa = PBXGroup;
			children = (
				D421C2B7A11F8F7656CA2A6C /* AudioMessageCell.swift */,
				22CBB18E11D9DAAE7F4F3AF1 /* ContactMessageCell.swift */,
				D0701E2A766DB687AD21AF20 /* LinkPreviewMessageCell.swift */,
				28A9A39C4808799C5936378A /* LocationMessageCell.swift */,
				FD25E0099D18726795EE8189 /* MediaMessageCell.swift */,
				BA3319F756973921F7B40D22 /* MessageCollectionViewCell.swift */,
				41BA28A0E9820B414C04A5AD /* MessageContentCell.swift */,
				C3275631798E515CF1640E72 /* TextMessageCell.swift */,
				4DE0B32C9E3F2A9CBDFC0BBB /* TypingIndicatorCell.swift */,
			);
			path = Cells;
			sourceTree = "<group>";
		};
		6DCF22E6C10F0CE2AC03E36A /* Products */ = {
			isa = PBXGroup;
			children = (
				DE9C68A001D351EA25BC3B8D /* InputBarAccessoryView.framework */,
				0A1C7733A93AE4ED81AE2CBA /* MessageKit.framework */,
			);
			name = Products;
			sourceTree = "<group>";
		};
		7D02A4D193053EDAD21E7B8A = {
			isa = PBXGroup;
			children = (
				1394D612A2053194DF4D8E30 /* Project */,
				8AE1D18D70966941DD3CCC65 /* Frameworks */,
				6DCF22E6C10F0CE2AC03E36A /* Products */,
			);
			indentWidth = 4;
			sourceTree = "<group>";
			tabWidth = 4;
			usesTabs = 0;
			wrapsLines = 1;
		};
		7D0E1D320F3610A33B3592D1 /* Models */ = {
			isa = PBXGroup;
			children = (
				9CBA493767768A492BE783DE /* AccessoryPosition.swift */,
				E39E8D2E6B598BC044E0BB33 /* Avatar.swift */,
				52969D2F40989A0987727DA6 /* AvatarPosition.swift */,
				4F1CC90518C8A11460A0EF5E /* DetectorType.swift */,
				1FDABD6C89FC97B1BB5EB724 /* HorizontalEdgeInsets.swift */,
				561AB27C2542FB554724514A /* LabelAlignment.swift */,
				2EB642D8F0870BF5C394F248 /* LinkPreviewFonts.swift */,
				2640A22F712ECA67F8236867 /* LocationMessageSnapshotOptions.swift */,
				61039426DCE11AB6EEC1ED2B /* MessageKind.swift */,
				7147E5813750DC7D3CF1597C /* MessageKitDateFormatter.swift */,
				E64AEB2953348AF8826E154A /* MessageKitError.swift */,
				D9EBCA92C3706C3137A8D5DB /* MessageStyle.swift */,
				F8D49CB55B175DB9D9111346 /* NSConstraintLayoutSet.swift */,
				3F86403BA9242A1A75249107 /* Sender.swift */,
			);
			path = Models;
			sourceTree = "<group>";
		};
		8AE1D18D70966941DD3CCC65 /* Frameworks */ = {
			isa = PBXGroup;
			children = (
			);
			name = Frameworks;
			sourceTree = "<group>";
		};
		BC1BC5EE3D5BAFC0DC4F6DF9 /* Sources */ = {
			isa = PBXGroup;
			children = (
				41F690CE1164451B75646DCC /* Controllers */,
				287B1132EC57735AAE980C67 /* Extensions */,
				4ABF206D244A70FE6FB41F41 /* Layout */,
				7D0E1D320F3610A33B3592D1 /* Models */,
				09C430B74BFA2957F614AFBF /* Protocols */,
				EF49919E45F2C66BAD16A020 /* Supporting */,
				01A10D43DFFB66077F31E7A6 /* Views */,
			);
			path = Sources;
			sourceTree = "<group>";
		};
		EA8DF01A9EB299912797E871 /* InfoPlists */ = {
			isa = PBXGroup;
			children = (
				4F7EF79CC20DD1EC291C40A3 /* MessageKit.plist */,
			);
			path = InfoPlists;
			sourceTree = "<group>";
		};
		EF49919E45F2C66BAD16A020 /* Supporting */ = {
			isa = PBXGroup;
			children = (
				0C0AC4DB60B4D6F8583A3AAE /* MessageInputBar.swift */,
				F3999B782A5980AA491D170D /* MessageKit+Availability.swift */,
			);
			path = Supporting;
			sourceTree = "<group>";
		};
/* End PBXGroup section */

/* Begin PBXNativeTarget section */
		15A45FBD10138FE5E46E25B7 /* MessageKit */ = {
			isa = PBXNativeTarget;
			buildConfigurationList = 3C61DCE5DBF6F081BF77EB7B /* Build configuration list for PBXNativeTarget "MessageKit" */;
			buildPhases = (
				3FE4383AB76B495E9A403321 /* Sources */,
				2FFC1B7714CF5CE167D2D3B2 /* Resources */,
				7A7BD1C9B1594108E31A69EB /* Embed Precompiled Frameworks */,
				D9835285D4826C303D1B9FAB /* Embed Frameworks */,
				DFCCCD1EF30EB3A5D115ED82 /* Frameworks */,
			);
			buildRules = (
			);
			dependencies = (
			);
			name = MessageKit;
			productName = MessageKit;
			productReference = 0A1C7733A93AE4ED81AE2CBA /* MessageKit.framework */;
			productType = "com.apple.product-type.framework";
		};
/* End PBXNativeTarget section */

/* Begin PBXProject section */
		45BF6E6B63AEE3F5A4247239 /* Project object */ = {
			isa = PBXProject;
			attributes = {
				ORGANIZATIONNAME = "RetailDriver LLC";
				TargetAttributes = {
				};
			};
			buildConfigurationList = 84AD77413AC16F33B093005F /* Build configuration list for PBXProject "MessageKit" */;
			compatibilityVersion = "Xcode 13.0";
			developmentRegion = en;
			hasScannedForEncodings = 0;
			knownRegions = (
				Base,
				en,
			);
			mainGroup = 7D02A4D193053EDAD21E7B8A;
			productRefGroup = 6DCF22E6C10F0CE2AC03E36A /* Products */;
			projectDirPath = "";
			projectRoot = "";
			targets = (
				15A45FBD10138FE5E46E25B7 /* MessageKit */,
			);
		};
/* End PBXProject section */

/* Begin PBXResourcesBuildPhase section */
		2FFC1B7714CF5CE167D2D3B2 /* Resources */ = {
			isa = PBXResourcesBuildPhase;
			buildActionMask = 2147483647;
			files = (
			);
			runOnlyForDeploymentPostprocessing = 0;
		};
/* End PBXResourcesBuildPhase section */

/* Begin PBXShellScriptBuildPhase section */
		7A7BD1C9B1594108E31A69EB /* Embed Precompiled Frameworks */ = {
			isa = PBXShellScriptBuildPhase;
			buildActionMask = 2147483647;
			files = (
			);
			inputPaths = (
			);
			name = "Embed Precompiled Frameworks";
			outputPaths = (
			);
			runOnlyForDeploymentPostprocessing = 0;
			shellPath = /bin/sh;
			shellScript = "echo \"Skipping, nothing to be embedded.\"";
		};
/* End PBXShellScriptBuildPhase section */

/* Begin PBXSourcesBuildPhase section */
		3FE4383AB76B495E9A403321 /* Sources */ = {
			isa = PBXSourcesBuildPhase;
			buildActionMask = 2147483647;
			files = (
				AC2238623E423D59D4BFADB7 /* MessagesViewController+Keyboard.swift in Sources */,
				3A348D4F1D1B10D65F1D404A /* MessagesViewController+Menu.swift in Sources */,
				4A482F4575A19DAF00E9E12F /* MessagesViewController.swift in Sources */,
				A0F038BF1F80DC3151BABB33 /* Bundle+Extensions.swift in Sources */,
				4DE4B0CCC622179F60C644D5 /* CGRect+Extensions.swift in Sources */,
				BB5FD5E5200685067CB5ABA6 /* MessageKind+textMessageKind.swift in Sources */,
				8DA35D7752989DE1CEF36288 /* NSAttributedString+Extensions.swift in Sources */,
				C98F2D65F1C888B01C5C99A3 /* UIColor+Extensions.swift in Sources */,
				ED2479AE279AE2CE37D1DAD3 /* UIEdgeInsets+Extensions.swift in Sources */,
				A72D635855EF04439CF3D616 /* UIImage+Extensions.swift in Sources */,
				99A7F6FCD82E0E5BE8805C08 /* UIView+Extensions.swift in Sources */,
				CCF7076D2FC9E4C7E762606F /* AudioMessageSizeCalculator.swift in Sources */,
				7BAE406503E0774F502C5192 /* CellSizeCalculator.swift in Sources */,
				F824A92F51480C9AD10D3ED4 /* ContactMessageSizeCalculator.swift in Sources */,
				DDBCFF3915FB3224E1D3896E /* LinkPreviewMessageSizeCalculator.swift in Sources */,
				F2615B17A8602E61A55AA36B /* LocationMessageSizeCalculator.swift in Sources */,
				E97767E6CEAAEFAFC1F27C2B /* MediaMessageSizeCalculator.swift in Sources */,
				2E46D2C93969FB02413A66EE /* MessageSizeCalculator.swift in Sources */,
				02BB1F736FE35C9113C0B12B /* MessagesCollectionViewFlowLayout.swift in Sources */,
				3A8BACE0A189B134CA8F9D7E /* MessagesCollectionViewLayoutAttributes.swift in Sources */,
				56FB5817875CAD2CF7AF4643 /* TextMessageSizeCalculator.swift in Sources */,
				F0C00930794A21F27A370AB3 /* TypingIndicatorCellSizeCalculator.swift in Sources */,
				ACF84C4290FABF24FD5A1701 /* AccessoryPosition.swift in Sources */,
				C3BC831F852E95A29646C534 /* Avatar.swift in Sources */,
				FD3843571FA13C872708EAA6 /* AvatarPosition.swift in Sources */,
				4BFEC1C478B3ED5B60519D05 /* DetectorType.swift in Sources */,
				A70C67535DAF07D65AA72131 /* HorizontalEdgeInsets.swift in Sources */,
				0F8AF08547CA28C2863F77D7 /* LabelAlignment.swift in Sources */,
				BA2A3A4851B403FE473C8C4C /* LinkPreviewFonts.swift in Sources */,
				90B1DA38EAE5FBCA242481E4 /* LocationMessageSnapshotOptions.swift in Sources */,
				5B2F17E3ADFABF6EF196554F /* MessageKind.swift in Sources */,
				B1701DFE10DA7D44F336CF54 /* MessageKitDateFormatter.swift in Sources */,
				90110ECCF2AEF2647E6C102C /* MessageKitError.swift in Sources */,
				D1E435289004922D97B242B1 /* MessageStyle.swift in Sources */,
				B3AE641F8BFF83D3104B019B /* NSConstraintLayoutSet.swift in Sources */,
				D2CC1FCC7F66C3C8C6F468BD /* Sender.swift in Sources */,
				4C6222EDD28D89315EE9F738 /* AudioItem.swift in Sources */,
				A07A7D68AAB39B79A4D5E047 /* ContactItem.swift in Sources */,
				994D9D26F64CD1CC6079374D /* LinkItem.swift in Sources */,
				38E1B0CD100670162A2EF8F3 /* LocationItem.swift in Sources */,
				A8E1189E5B945EF18526613D /* MediaItem.swift in Sources */,
				8630903140E081D35C1F849A /* MessageCellDelegate.swift in Sources */,
				2E908026C5E188C5D7BEBF20 /* MessageLabelDelegate.swift in Sources */,
				C34DEA1A164B9FCB1F5A3E2F /* MessageType.swift in Sources */,
				1A36E0BC1DC4FB02B70E4AEC /* MessagesDataSource.swift in Sources */,
				3B6B1C7D05723068E17CC715 /* MessagesDisplayDelegate.swift in Sources */,
				EC41EBD927EFAB6B0B884241 /* MessagesLayoutDelegate.swift in Sources */,
				A614C98A855048C819CCF0C0 /* SenderType.swift in Sources */,
				16C16B94D35AE4957EBEE561 /* MessageInputBar.swift in Sources */,
				2EE9873D619628BD47DFDF15 /* MessageKit+Availability.swift in Sources */,
				CA133C2A70EE5EC8D3AD8C47 /* AvatarView.swift in Sources */,
				39019098F5F803C4544382A1 /* BubbleCircle.swift in Sources */,
				AEC49649CF153D45C59EAC1D /* AudioMessageCell.swift in Sources */,
				4376BF7861D5A2D5C03B6FFB /* ContactMessageCell.swift in Sources */,
				809AA29B09DE66541B87F878 /* LinkPreviewMessageCell.swift in Sources */,
				F074BFE4C0D47AAF85529B3F /* LocationMessageCell.swift in Sources */,
				F763D094400BF8FFF73223A7 /* MediaMessageCell.swift in Sources */,
				60D11872FBDC7E7E109EB9AB /* MessageCollectionViewCell.swift in Sources */,
				F5EC648277CCE348F61E1B3D /* MessageContentCell.swift in Sources */,
				39B9AA2E860BFE3BAC73DD1F /* TextMessageCell.swift in Sources */,
				7DB7AAF93A8B0B87ADD302D2 /* TypingIndicatorCell.swift in Sources */,
				2EED3669CC9B515FA91185F5 /* MessageReusableView.swift in Sources */,
				D1BF3C6410C6937A66B71B27 /* InsetLabel.swift in Sources */,
				8BAD5D859B22B93E87DAE78F /* LinkPreviewView.swift in Sources */,
				82DAF51367999323394C7565 /* MessageContainerView.swift in Sources */,
				BF81CA55B8D0CFCEEBAD0752 /* MessageLabel.swift in Sources */,
				20B905AE230EA61759E22394 /* MessagesCollectionView.swift in Sources */,
				27434F17D76F4A539D728E71 /* PlayButtonView.swift in Sources */,
				3D63C60055A7DE1F6072C92B /* TypingBubble.swift in Sources */,
				2F615DB65F5F9C2A19E45404 /* TypingIndicator.swift in Sources */,
			);
			runOnlyForDeploymentPostprocessing = 0;
		};
/* End PBXSourcesBuildPhase section */

/* Begin XCBuildConfiguration section */
		29F6DFE056192191CD250393 /* Debug */ = {
			isa = XCBuildConfiguration;
			buildSettings = {
				CODE_SIGN_IDENTITY = "";
				CURRENT_PROJECT_VERSION = 1;
				DEFINES_MODULE = YES;
				DYLIB_COMPATIBILITY_VERSION = 1;
				DYLIB_CURRENT_VERSION = 1;
				DYLIB_INSTALL_NAME_BASE = "@rpath";
				INFOPLIST_FILE = Derived/InfoPlists/MessageKit.plist;
				INSTALL_PATH = "$(LOCAL_LIBRARY_DIR)/Frameworks";
				IPHONEOS_DEPLOYMENT_TARGET = 13.0;
				LD_RUNPATH_SEARCH_PATHS = (
					"$(inherited)",
					"@executable_path/Frameworks",
					"@loader_path/Frameworks",
				);
				PRODUCT_BUNDLE_IDENTIFIER = com.retaildriver.retailCRM.MessageKit;
				PRODUCT_NAME = MessageKit;
				SDKROOT = iphoneos;
				SKIP_INSTALL = YES;
				SUPPORTED_PLATFORMS = "iphonesimulator iphoneos";
				SWIFT_ACTIVE_COMPILATION_CONDITIONS = DEBUG;
				SWIFT_COMPILATION_MODE = singlefile;
				SWIFT_OPTIMIZATION_LEVEL = "-Onone";
				SWIFT_VERSION = 5.5.2;
				TARGETED_DEVICE_FAMILY = "1,2";
				VERSIONING_SYSTEM = "apple-generic";
				VERSION_INFO_PREFIX = "";
			};
			name = Debug;
		};
		31D1ADB47292CD6F69F7477D /* Release */ = {
			isa = XCBuildConfiguration;
			buildSettings = {
				ALWAYS_SEARCH_USER_PATHS = NO;
				CLANG_ANALYZER_LOCALIZABILITY_NONLOCALIZED = YES;
				CLANG_ANALYZER_NONNULL = YES;
				CLANG_ANALYZER_NUMBER_OBJECT_CONVERSION = YES_AGGRESSIVE;
				CLANG_CXX_LANGUAGE_STANDARD = "gnu++14";
				CLANG_CXX_LIBRARY = "libc++";
				CLANG_ENABLE_MODULES = YES;
				CLANG_ENABLE_OBJC_ARC = YES;
				CLANG_ENABLE_OBJC_WEAK = YES;
				CLANG_WARN_BLOCK_CAPTURE_AUTORELEASING = YES;
				CLANG_WARN_BOOL_CONVERSION = YES;
				CLANG_WARN_COMMA = YES;
				CLANG_WARN_CONSTANT_CONVERSION = YES;
				CLANG_WARN_DEPRECATED_OBJC_IMPLEMENTATIONS = YES;
				CLANG_WARN_DIRECT_OBJC_ISA_USAGE = YES_ERROR;
				CLANG_WARN_DOCUMENTATION_COMMENTS = YES;
				CLANG_WARN_EMPTY_BODY = YES;
				CLANG_WARN_ENUM_CONVERSION = YES;
				CLANG_WARN_INFINITE_RECURSION = YES;
				CLANG_WARN_INT_CONVERSION = YES;
				CLANG_WARN_NON_LITERAL_NULL_CONVERSION = YES;
				CLANG_WARN_OBJC_IMPLICIT_RETAIN_SELF = YES;
				CLANG_WARN_OBJC_LITERAL_CONVERSION = YES;
				CLANG_WARN_OBJC_ROOT_CLASS = YES_ERROR;
				CLANG_WARN_QUOTED_INCLUDE_IN_FRAMEWORK_HEADER = YES;
				CLANG_WARN_RANGE_LOOP_ANALYSIS = YES;
				CLANG_WARN_STRICT_PROTOTYPES = YES;
				CLANG_WARN_SUSPICIOUS_MOVE = YES;
				CLANG_WARN_UNGUARDED_AVAILABILITY = YES_AGGRESSIVE;
				CLANG_WARN_UNREACHABLE_CODE = YES;
				CLANG_WARN__DUPLICATE_METHOD_MATCH = YES;
				COPY_PHASE_STRIP = NO;
				DEBUG_INFORMATION_FORMAT = "dwarf-with-dsym";
				ENABLE_NS_ASSERTIONS = NO;
				ENABLE_STRICT_OBJC_MSGSEND = YES;
				GCC_C_LANGUAGE_STANDARD = gnu11;
				GCC_NO_COMMON_BLOCKS = YES;
				GCC_WARN_64_TO_32_BIT_CONVERSION = YES;
				GCC_WARN_ABOUT_RETURN_TYPE = YES_ERROR;
				GCC_WARN_UNDECLARED_SELECTOR = YES;
				GCC_WARN_UNINITIALIZED_AUTOS = YES_AGGRESSIVE;
				GCC_WARN_UNUSED_FUNCTION = YES;
				GCC_WARN_UNUSED_VARIABLE = YES;
				MTL_ENABLE_DEBUG_INFO = NO;
				PRODUCT_NAME = "$(TARGET_NAME)";
				VALIDATE_PRODUCT = YES;
			};
			name = Release;
		};
		4369E3A30236AFC0BE3964D0 /* Debug */ = {
			isa = XCBuildConfiguration;
			buildSettings = {
				ALWAYS_SEARCH_USER_PATHS = NO;
				CLANG_ANALYZER_LOCALIZABILITY_NONLOCALIZED = YES;
				CLANG_ANALYZER_NONNULL = YES;
				CLANG_ANALYZER_NUMBER_OBJECT_CONVERSION = YES_AGGRESSIVE;
				CLANG_CXX_LANGUAGE_STANDARD = "gnu++14";
				CLANG_CXX_LIBRARY = "libc++";
				CLANG_ENABLE_MODULES = YES;
				CLANG_ENABLE_OBJC_ARC = YES;
				CLANG_ENABLE_OBJC_WEAK = YES;
				CLANG_WARN_BLOCK_CAPTURE_AUTORELEASING = YES;
				CLANG_WARN_BOOL_CONVERSION = YES;
				CLANG_WARN_COMMA = YES;
				CLANG_WARN_CONSTANT_CONVERSION = YES;
				CLANG_WARN_DEPRECATED_OBJC_IMPLEMENTATIONS = YES;
				CLANG_WARN_DIRECT_OBJC_ISA_USAGE = YES_ERROR;
				CLANG_WARN_DOCUMENTATION_COMMENTS = YES;
				CLANG_WARN_EMPTY_BODY = YES;
				CLANG_WARN_ENUM_CONVERSION = YES;
				CLANG_WARN_INFINITE_RECURSION = YES;
				CLANG_WARN_INT_CONVERSION = YES;
				CLANG_WARN_NON_LITERAL_NULL_CONVERSION = YES;
				CLANG_WARN_OBJC_IMPLICIT_RETAIN_SELF = YES;
				CLANG_WARN_OBJC_LITERAL_CONVERSION = YES;
				CLANG_WARN_OBJC_ROOT_CLASS = YES_ERROR;
				CLANG_WARN_QUOTED_INCLUDE_IN_FRAMEWORK_HEADER = YES;
				CLANG_WARN_RANGE_LOOP_ANALYSIS = YES;
				CLANG_WARN_STRICT_PROTOTYPES = YES;
				CLANG_WARN_SUSPICIOUS_MOVE = YES;
				CLANG_WARN_UNGUARDED_AVAILABILITY = YES_AGGRESSIVE;
				CLANG_WARN_UNREACHABLE_CODE = YES;
				CLANG_WARN__DUPLICATE_METHOD_MATCH = YES;
				COPY_PHASE_STRIP = NO;
				DEBUG_INFORMATION_FORMAT = dwarf;
				ENABLE_STRICT_OBJC_MSGSEND = YES;
				ENABLE_TESTABILITY = YES;
				GCC_C_LANGUAGE_STANDARD = gnu11;
				GCC_DYNAMIC_NO_PIC = NO;
				GCC_NO_COMMON_BLOCKS = YES;
				GCC_OPTIMIZATION_LEVEL = 0;
				GCC_PREPROCESSOR_DEFINITIONS = (
					"DEBUG=1",
					"$(inherited)",
				);
				GCC_WARN_64_TO_32_BIT_CONVERSION = YES;
				GCC_WARN_ABOUT_RETURN_TYPE = YES_ERROR;
				GCC_WARN_UNDECLARED_SELECTOR = YES;
				GCC_WARN_UNINITIALIZED_AUTOS = YES_AGGRESSIVE;
				GCC_WARN_UNUSED_FUNCTION = YES;
				GCC_WARN_UNUSED_VARIABLE = YES;
				MTL_ENABLE_DEBUG_INFO = YES;
				ONLY_ACTIVE_ARCH = YES;
				PRODUCT_NAME = "$(TARGET_NAME)";
			};
			name = Debug;
		};
		E75EF27570AF063085AE4E5F /* Release */ = {
			isa = XCBuildConfiguration;
			buildSettings = {
				CODE_SIGN_IDENTITY = "";
				CURRENT_PROJECT_VERSION = 1;
				DEFINES_MODULE = YES;
				DYLIB_COMPATIBILITY_VERSION = 1;
				DYLIB_CURRENT_VERSION = 1;
				DYLIB_INSTALL_NAME_BASE = "@rpath";
				INFOPLIST_FILE = Derived/InfoPlists/MessageKit.plist;
				INSTALL_PATH = "$(LOCAL_LIBRARY_DIR)/Frameworks";
				IPHONEOS_DEPLOYMENT_TARGET = 13.0;
				LD_RUNPATH_SEARCH_PATHS = (
					"$(inherited)",
					"@executable_path/Frameworks",
					"@loader_path/Frameworks",
				);
				PRODUCT_BUNDLE_IDENTIFIER = com.retaildriver.retailCRM.MessageKit;
				PRODUCT_NAME = MessageKit;
				SDKROOT = iphoneos;
				SKIP_INSTALL = YES;
				SUPPORTED_PLATFORMS = "iphonesimulator iphoneos";
				SWIFT_COMPILATION_MODE = wholemodule;
				SWIFT_OPTIMIZATION_LEVEL = "-Owholemodule";
				SWIFT_VERSION = 5.5.2;
				TARGETED_DEVICE_FAMILY = "1,2";
				VERSIONING_SYSTEM = "apple-generic";
				VERSION_INFO_PREFIX = "";
			};
			name = Release;
		};
/* End XCBuildConfiguration section */

/* Begin XCConfigurationList section */
		3C61DCE5DBF6F081BF77EB7B /* Build configuration list for PBXNativeTarget "MessageKit" */ = {
			isa = XCConfigurationList;
			buildConfigurations = (
				29F6DFE056192191CD250393 /* Debug */,
				E75EF27570AF063085AE4E5F /* Release */,
			);
			defaultConfigurationIsVisible = 0;
			defaultConfigurationName = Release;
		};
		84AD77413AC16F33B093005F /* Build configuration list for PBXProject "MessageKit" */ = {
			isa = XCConfigurationList;
			buildConfigurations = (
				4369E3A30236AFC0BE3964D0 /* Debug */,
				31D1ADB47292CD6F69F7477D /* Release */,
			);
			defaultConfigurationIsVisible = 0;
			defaultConfigurationName = Release;
		};
/* End XCConfigurationList section */
	};
	rootObject = 45BF6E6B63AEE3F5A4247239 /* Project object */;
}
